{
  "version": 4,
  "terraform_version": "1.8.4",
  "serial": 5,
  "lineage": "e5bdb2b2-159a-6adf-00be-a1af56ba0a25",
  "outputs": {},
  "resources": [
    {
      "module": "module.project",
      "mode": "managed",
      "type": "google_project",
      "name": "disposal_estimate",
      "provider": "provider[\"registry.terraform.io/hashicorp/google\"]",
      "instances": [
        {
          "schema_version": 1,
          "attributes": {
            "auto_create_network": true,
            "billing_account": "01E194-E561F0-D8CB93",
            "deletion_policy": "DELETE",
            "effective_labels": {
              "firebase": "enabled",
              "firebase-core": "disabled"
            },
            "folder_id": "",
            "id": "projects/disposal-estimate",
            "labels": {
              "firebase": "enabled",
              "firebase-core": "disabled"
            },
            "name": "disposal-estimate",
            "number": "458490939918",
            "org_id": "516907859942",
            "project_id": "disposal-estimate",
            "skip_delete": null,
            "terraform_labels": {
              "firebase": "enabled",
              "firebase-core": "disabled"
            },
            "timeouts": null
          },
          "sensitive_attributes": [],
          "private": "eyJlMmJmYjczMC1lY2FhLTExZTYtOGY4OC0zNDM2M2JjN2M0YzAiOnsiY3JlYXRlIjo2MDAwMDAwMDAwMDAsImRlbGV0ZSI6NjAwMDAwMDAwMDAwLCJyZWFkIjo2MDAwMDAwMDAwMDAsInVwZGF0ZSI6NjAwMDAwMDAwMDAwfSwic2NoZW1hX3ZlcnNpb24iOiIxIn0="
        }
      ]
    },
    {
      "module": "module.service_accounts",
      "mode": "managed",
      "type": "google_service_account",
      "name": "firebase_adminsdk_fbsvc",
      "provider": "provider[\"registry.terraform.io/hashicorp/google\"]",
      "instances": [
        {
          "schema_version": 0,
          "attributes": {
            "account_id": "firebase-adminsdk-fbsvc",
            "create_ignore_already_exists": null,
            "description": "Firebase Admin SDK Service Agent",
            "disabled": false,
            "display_name": "firebase-adminsdk",
            "email": "firebase-adminsdk-fbsvc@disposal-estimate.iam.gserviceaccount.com",
            "id": "projects/disposal-estimate/serviceAccounts/firebase-adminsdk-fbsvc@disposal-estimate.iam.gserviceaccount.com",
            "member": "serviceAccount:firebase-adminsdk-fbsvc@disposal-estimate.iam.gserviceaccount.com",
            "name": "projects/disposal-estimate/serviceAccounts/firebase-adminsdk-fbsvc@disposal-estimate.iam.gserviceaccount.com",
            "project": "disposal-estimate",
            "timeouts": null,
            "unique_id": "113919175521911961610"
          },
          "sensitive_attributes": [],
          "private": "eyJlMmJmYjczMC1lY2FhLTExZTYtOGY4OC0zNDM2M2JjN2M0YzAiOnsiY3JlYXRlIjozMDAwMDAwMDAwMDB9LCJzY2hlbWFfdmVyc2lvbiI6IjAifQ=="
        }
      ]
    }
  ],
  "check_results": null
}
